
Microsoft Visual Studio Solution File, Format Version 12.00
# Visual Studio Version 16
VisualStudioVersion = 16.0.30804.86
MinimumVisualStudioVersion = 10.0.40219.1
Project("{FAE04EC0-301F-11D3-BF4B-00C04F79EFBC}") = "s00200671_RonnieConlon_OOD_Final", "s00200671_RonnieConlon_OOD_Final\s00200671_RonnieConlon_OOD_Final.csproj", "{1CCCAE72-C3B6-4805-A0B4-16743E3ACAE7}"
EndProject
Global
	GlobalSection(SolutionConfigurationPlatforms) = preSolution
		Debug|Any CPU = Debug|Any CPU
		Release|Any CPU = Release|Any CPU
	EndGlobalSection
	GlobalSection(ProjectConfigurationPlatforms) = postSolution
		{1CCCAE72-C3B6-4805-A0B4-16743E3ACAE7}.Debug|Any CPU.ActiveCfg = Debug|Any CPU
		{1CCCAE72-C3B6-4805-A0B4-16743E3ACAE7}.Debug|Any CPU.Build.0 = Debug|Any CPU
		{1CCCAE72-C3B6-4805-A0B4-16743E3ACAE7}.Release|Any CPU.ActiveCfg = Release|Any CPU
		{1CCCAE72-C3B6-4805-A0B4-16743E3ACAE7}.Release|Any CPU.Build.0 = Release|Any CPU
	EndGlobalSection
	GlobalSection(SolutionProperties) = preSolution
		HideSolutionNode = FALSE
	EndGlobalSection
	GlobalSection(ExtensibilityGlobals) = postSolution
		SolutionGuid = {B4B90F87-D6F9-462D-808F-BAB8E20B48EC}
	EndGlobalSection
EndGlobal
